{
  "name": "reels-pipeline",
  "version": "1.0.0",
  "lockfileVersion": 3,
  "requires": true,
  "packages": {
    "": {
      "name": "reels-pipeline",
      "version": "1.0.0",
      "license": "ISC",
      "devDependencies": {
        "@expo-google-fonts/bebas-neue": "^0.4.1",
        "@expo-google-fonts/manrope": "^0.4.2",
        "@fontsource-variable/figtree": "^5.3.0",
        "@fontsource/bebas-neue": "^5.3.0",
        "@fontsource/manrope": "^5.3.0",
        "playwright": "^1.49.1"
      }
    },
    "node_modules/@expo-google-fonts/bebas-neue": {
      "version": "0.4.1",
      "resolved": "https://registry.npmjs.org/@expo-google-fonts/bebas-neue/-/bebas-neue-0.4.1.tgz",
      "integrity": "sha512-Ibnf0EQgMUj01tT/ws64RlsMQmOvDP+UDFW93bld0C/WwaOaCGWKgNnqxNkKxmL73y2kpT8EB4dkSNUOyAOEJA==",
      "dev": true,
      "license": "MIT AND OFL-1.1"
    },
    "node_modules/@expo-google-fonts/manrope": {
      "version": "0.4.2",
      "resolved": "https://registry.npmjs.org/@expo-google-fonts/manrope/-/manrope-0.4.2.tgz",
      "integrity": "sha512-BZsKe8d9BJrVnIQIZcTS7/Kac0TbXnqs/+8EBSiQxrmK6GoCO6eTkmr50D1weIk/EoF20pTmAkpWICnovATr/g==",
      "dev": true,
      "license": "MIT AND OFL-1.1"
    },
    "node_modules/@fontsource-variable/figtree": {
      "version": "5.3.0",
      "resolved": "https://registry.npmjs.org/@fontsource-variable/figtree/-/figtree-5.3.0.tgz",
      "integrity": "sha512-VRVodD7OiG7apQwE8/2fMjaqpY/a0qRJqL5HtYj8CKIVps+9amaFcdfKmDIf7iqYQx6iPLlArVXAfKeIZmVcNQ==",
      "dev": true,
      "license": "OFL-1.1",
      "funding": {
        "url": "https://github.com/sponsors/ayuhito"
      }
    },
    "node_modules/@fontsource/bebas-neue": {
      "version": "5.3.0",
      "resolved": "https://registry.npmjs.org/@fontsource/bebas-neue/-/bebas-neue-5.3.0.tgz",
      "integrity": "sha512-nCxMEb9Bg9sjNWm9TIOsvHKDMLRUfEZPWpLgYu6m9KavZZVSA/WoHzI5wROwqA+eNwEi/PNBAcB5Co7HA3S0Cw==",
      "dev": true,
      "license": "OFL-1.1",
      "funding": {
        "url": "https://github.com/sponsors/ayuhito"
      }
    },
    "node_modules/@fontsource/manrope": {
      "version": "5.3.0",
      "resolved": "https://registry.npmjs.org/@fontsource/manrope/-/manrope-5.3.0.tgz",
      "integrity": "sha512-obJ1Dv3+uCA6HlHgW8u4BGYxJR9In2HW7gjJhlflEvkrj1X1iSEwu0fToL+JYGC/FEKFfIz1sBuPduvcL2gIAA==",
      "dev": true,
      "license": "OFL-1.1",
      "funding": {
        "url": "https://github.com/sponsors/ayuhito"
      }
    },
    "node_modules/fsevents": {
      "version": "2.3.2",
      "resolved": "https://registry.npmjs.org/fsevents/-/fsevents-2.3.2.tgz",
      "integrity": "sha512-xiqMQR4xAeHTuB9uWm+fFRcIOgKBMiOBP+eXiyT7jsgVCq1bkVygt00oASowB7EdtpOHaaPgKt812P9ab+DDKA==",
      "dev": true,
      "hasInstallScript": true,
      "license": "MIT",
      "optional": true,
      "os": [
        "darwin"
      ],
      "engines": {
        "node": "^8.16.0 || ^10.6.0 || >=11.0.0"
      }
    },
    "node_modules/playwright": {
      "version": "1.49.1",
      "resolved": "https://registry.npmjs.org/playwright/-/playwright-1.49.1.tgz",
      "integrity": "sha512-VYL8zLoNTBxVOrJBbDuRgDWa3i+mfQgDTrL8Ah9QXZ7ax4Dsj0MSq5bYgytRnDVVe+njoKnfsYkH3HzqVj5UZA==",
      "dev": true,
      "license": "Apache-2.0",
      "dependencies": {
        "playwright-core": "1.49.1"
      },
      "bin": {
        "playwright": "cli.js"
      },
      "engines": {
        "node": ">=18"
      },
      "optionalDependencies": {
        "fsevents": "2.3.2"
      }
    },
    "node_modules/playwright-core": {
      "version": "1.49.1",
      "resolved": "https://registry.npmjs.org/playwright-core/-/playwright-core-1.49.1.tgz",
      "integrity": "sha512-BzmpVcs4kE2CH15rWfzpjzVGhWERJfmnXmniSyKeRZUs9Ws65m+RGIi7mjJK/euCegfn3i7jvqWeWyHe9y3Vgg==",
      "dev": true,
      "license": "Apache-2.0",
      "bin": {
        "playwright-core": "cli.js"
      },
      "engines": {
        "node": ">=18"
      }
    }
  }
}
